// !$*UTF8*$!
{
	archiveVersion = 1;
	classes = {
	};
	objectVersion = 50;
	objects = {

/* Begin PBXBuildFile section */
		06BFAE44221E5368004DE54D /* (null) in Sources */ = {isa = PBXBuildFile; };
		06BFAE46221E53CB004DE54D /* (null) in Sources */ = {isa = PBXBuildFile; };
		1DAB3AE12232450F006B583E /* Kingfisher.framework in Frameworks */ = {isa = PBXBuildFile; fileRef = 1DAB3AE02232450F006B583E /* Kingfisher.framework */; };
		5B04525322252541002AF8B0 /* apiService.swift in Sources */ = {isa = PBXBuildFile; fileRef = 5B04525222252541002AF8B0 /* apiService.swift */; };
		5B0452582225266F002AF8B0 /* ConstansBook.swift in Sources */ = {isa = PBXBuildFile; fileRef = 5B0452572225266F002AF8B0 /* ConstansBook.swift */; };
		5B4EF485221282B80034B61A /* HomeViewController.swift in Sources */ = {isa = PBXBuildFile; fileRef = 5B4EF484221282B80034B61A /* HomeViewController.swift */; };
		5B60B95F22262F3F00DFB680 /* Collection3dViewCell.swift in Sources */ = {isa = PBXBuildFile; fileRef = 5B60B95E22262F3F00DFB680 /* Collection3dViewCell.swift */; };
		5B60B9632226318C00DFB680 /* Image3dPrinterViewController.swift in Sources */ = {isa = PBXBuildFile; fileRef = 5B60B9622226318C00DFB680 /* Image3dPrinterViewController.swift */; };
		5B6D865221FAF164003E525B /* AppDelegate.swift in Sources */ = {isa = PBXBuildFile; fileRef = 5B6D865121FAF164003E525B /* AppDelegate.swift */; };
		5B6D865C21FAF168003E525B /* LaunchScreen.storyboard in Resources */ = {isa = PBXBuildFile; fileRef = 5B6D865A21FAF168003E525B /* LaunchScreen.storyboard */; };
		5B6D866521FAF258003E525B /* LoginViewController.swift in Sources */ = {isa = PBXBuildFile; fileRef = 5B6D866421FAF258003E525B /* LoginViewController.swift */; };
		5B6F00D6221C1BA000A840F7 /* VisitViewController.swift in Sources */ = {isa = PBXBuildFile; fileRef = 5B6F00D5221C1BA000A840F7 /* VisitViewController.swift */; };
		5B6F00D7221C1C5F00A840F7 /* Alamofire.framework in Frameworks */ = {isa = PBXBuildFile; fileRef = 5B7AD01E221AC97B00374658 /* Alamofire.framework */; };
		5B6F00D8221C1C5F00A840F7 /* SwiftGif.framework in Frameworks */ = {isa = PBXBuildFile; fileRef = 5B7AD01F221AC97B00374658 /* SwiftGif.framework */; };
		5B6F00D9221C1C5F00A840F7 /* SwiftyJSON.framework in Frameworks */ = {isa = PBXBuildFile; fileRef = 5B7AD01D221AC97B00374658 /* SwiftyJSON.framework */; };
		5B6F00DB221C1C6000A840F7 /* YouTubeiOSPlayerHelper.framework in Frameworks */ = {isa = PBXBuildFile; fileRef = 5B6F00DA221C1C6000A840F7 /* YouTubeiOSPlayerHelper.framework */; };
		5B7AD019221ABA0B00374658 /* Printer3dTutorialViewController.swift in Sources */ = {isa = PBXBuildFile; fileRef = 5B7AD018221ABA0B00374658 /* Printer3dTutorialViewController.swift */; };
		5B7AD025221AD1C500374658 /* DetailTutorialViewController.swift in Sources */ = {isa = PBXBuildFile; fileRef = 5B7AD024221AD1C500374658 /* DetailTutorialViewController.swift */; };
		5B896912222D203200F4D7AE /* CounterView.swift in Sources */ = {isa = PBXBuildFile; fileRef = 5B896911222D203200F4D7AE /* CounterView.swift */; };
		5B896914222D214600F4D7AE /* ImageViewer.framework in Frameworks */ = {isa = PBXBuildFile; fileRef = 5B896913222D214600F4D7AE /* ImageViewer.framework */; };
		5B896916222D31C600F4D7AE /* ResetPassViewController.swift in Sources */ = {isa = PBXBuildFile; fileRef = 5B896915222D31C600F4D7AE /* ResetPassViewController.swift */; };
		5BAF4CF822158A8500D6CA36 /* BookshelfViewController.swift in Sources */ = {isa = PBXBuildFile; fileRef = 5BAF4CF722158A8500D6CA36 /* BookshelfViewController.swift */; };
		5BAF4CFC22158C2000D6CA36 /* BookshelfCollectionViewCell.swift in Sources */ = {isa = PBXBuildFile; fileRef = 5BAF4CFB22158C2000D6CA36 /* BookshelfCollectionViewCell.swift */; };
		5BC7B74C221C32AF009EF0D9 /* Main.storyboard in Resources */ = {isa = PBXBuildFile; fileRef = 5BC7B74B221C32AE009EF0D9 /* Main.storyboard */; };
		5BC7B752221C33AF009EF0D9 /* Assets.xcassets in Resources */ = {isa = PBXBuildFile; fileRef = 5BC7B751221C33AF009EF0D9 /* Assets.xcassets */; };
		5BD398CA221427770066FF61 /* object.swift in Sources */ = {isa = PBXBuildFile; fileRef = 5BD398C9221427770066FF61 /* object.swift */; };
		5BDFA82C21FEB60F00258E88 /* Constants.swift in Sources */ = {isa = PBXBuildFile; fileRef = 5BDFA82B21FEB60F00258E88 /* Constants.swift */; };
		5BDFA82E21FEB64500258E88 /* Extensions.swift in Sources */ = {isa = PBXBuildFile; fileRef = 5BDFA82D21FEB64500258E88 /* Extensions.swift */; };
		5BDFA83021FEB9CB00258E88 /* SignUpViewController.swift in Sources */ = {isa = PBXBuildFile; fileRef = 5BDFA82F21FEB9CA00258E88 /* SignUpViewController.swift */; };
		5BF1B5552211258A005B3123 /* HomeCollectionViewCell.swift in Sources */ = {isa = PBXBuildFile; fileRef = 5BF1B5542211258A005B3123 /* HomeCollectionViewCell.swift */; };
/* End PBXBuildFile section */

/* Begin PBXFileReference section */
		1DAB3ADE22324502006B583E /* Kingfisher.framework.dSYM */ = {isa = PBXFileReference; lastKnownFileType = wrapper.dsym; name = Kingfisher.framework.dSYM; path = Carthage/Build/iOS/Kingfisher.framework.dSYM; sourceTree = "<group>"; };
		1DAB3AE02232450F006B583E /* Kingfisher.framework */ = {isa = PBXFileReference; lastKnownFileType = wrapper.framework; name = Kingfisher.framework; path = Carthage/Build/iOS/Kingfisher.framework; sourceTree = "<group>"; };
		1DAB3AE222325523006B583E /* YouTubePlayer.framework */ = {isa = PBXFileReference; lastKnownFileType = wrapper.framework; name = YouTubePlayer.framework; path = Carthage/Build/iOS/YouTubePlayer.framework; sourceTree = "<group>"; };
		5B04525222252541002AF8B0 /* apiService.swift */ = {isa = PBXFileReference; fileEncoding = 4; lastKnownFileType = sourcecode.swift; name = apiService.swift; path = PLTi2019/Service/apiService.swift; sourceTree = SOURCE_ROOT; };
		5B0452572225266F002AF8B0 /* ConstansBook.swift */ = {isa = PBXFileReference; fileEncoding = 4; lastKnownFileType = sourcecode.swift; name = ConstansBook.swift; path = PLTi2019/Global/ConstansBook.swift; sourceTree = SOURCE_ROOT; };
		5B04525F22252AC3002AF8B0 /* Info.plist */ = {isa = PBXFileReference; fileEncoding = 4; lastKnownFileType = text.plist.xml; path = Info.plist; sourceTree = "<group>"; };
		5B4EF484221282B80034B61A /* HomeViewController.swift */ = {isa = PBXFileReference; lastKnownFileType = sourcecode.swift; path = HomeViewController.swift; sourceTree = "<group>"; };
		5B60B95E22262F3F00DFB680 /* Collection3dViewCell.swift */ = {isa = PBXFileReference; lastKnownFileType = sourcecode.swift; path = Collection3dViewCell.swift; sourceTree = "<group>"; };
		5B60B9622226318C00DFB680 /* Image3dPrinterViewController.swift */ = {isa = PBXFileReference; lastKnownFileType = sourcecode.swift; path = Image3dPrinterViewController.swift; sourceTree = "<group>"; };
		5B6D864E21FAF164003E525B /* PLTi2019.app */ = {isa = PBXFileReference; explicitFileType = wrapper.application; includeInIndex = 0; path = PLTi2019.app; sourceTree = BUILT_PRODUCTS_DIR; };
		5B6D865121FAF164003E525B /* AppDelegate.swift */ = {isa = PBXFileReference; lastKnownFileType = sourcecode.swift; path = AppDelegate.swift; sourceTree = "<group>"; };
		5B6D865B21FAF168003E525B /* Base */ = {isa = PBXFileReference; lastKnownFileType = file.storyboard; name = Base; path = Base.lproj/LaunchScreen.storyboard; sourceTree = "<group>"; };
		5B6D866421FAF258003E525B /* LoginViewController.swift */ = {isa = PBXFileReference; lastKnownFileType = sourcecode.swift; path = LoginViewController.swift; sourceTree = "<group>"; };
		5B6F00D5221C1BA000A840F7 /* VisitViewController.swift */ = {isa = PBXFileReference; fileEncoding = 4; lastKnownFileType = sourcecode.swift; path = VisitViewController.swift; sourceTree = "<group>"; };
		5B6F00DA221C1C6000A840F7 /* YouTubeiOSPlayerHelper.framework */ = {isa = PBXFileReference; lastKnownFileType = wrapper.framework; name = YouTubeiOSPlayerHelper.framework; path = Carthage/Build/iOS/YouTubeiOSPlayerHelper.framework; sourceTree = "<group>"; };
		5B7AD018221ABA0B00374658 /* Printer3dTutorialViewController.swift */ = {isa = PBXFileReference; lastKnownFileType = sourcecode.swift; path = Printer3dTutorialViewController.swift; sourceTree = "<group>"; };
		5B7AD01D221AC97B00374658 /* SwiftyJSON.framework */ = {isa = PBXFileReference; lastKnownFileType = wrapper.framework; name = SwiftyJSON.framework; path = Carthage/Build/iOS/SwiftyJSON.framework; sourceTree = "<group>"; };
		5B7AD01E221AC97B00374658 /* Alamofire.framework */ = {isa = PBXFileReference; lastKnownFileType = wrapper.framework; name = Alamofire.framework; path = Carthage/Build/iOS/Alamofire.framework; sourceTree = "<group>"; };
		5B7AD01F221AC97B00374658 /* SwiftGif.framework */ = {isa = PBXFileReference; lastKnownFileType = wrapper.framework; name = SwiftGif.framework; path = Carthage/Build/iOS/SwiftGif.framework; sourceTree = "<group>"; };
		5B7AD024221AD1C500374658 /* DetailTutorialViewController.swift */ = {isa = PBXFileReference; lastKnownFileType = sourcecode.swift; path = DetailTutorialViewController.swift; sourceTree = "<group>"; };
		5B896911222D203200F4D7AE /* CounterView.swift */ = {isa = PBXFileReference; fileEncoding = 4; lastKnownFileType = sourcecode.swift; path = CounterView.swift; sourceTree = "<group>"; };
		5B896913222D214600F4D7AE /* ImageViewer.framework */ = {isa = PBXFileReference; lastKnownFileType = wrapper.framework; name = ImageViewer.framework; path = Carthage/Build/iOS/ImageViewer.framework; sourceTree = "<group>"; };
		5B896915222D31C600F4D7AE /* ResetPassViewController.swift */ = {isa = PBXFileReference; lastKnownFileType = sourcecode.swift; path = ResetPassViewController.swift; sourceTree = "<group>"; };
		5BAF4CF722158A8500D6CA36 /* BookshelfViewController.swift */ = {isa = PBXFileReference; lastKnownFileType = sourcecode.swift; path = BookshelfViewController.swift; sourceTree = "<group>"; };
		5BAF4CFB22158C2000D6CA36 /* BookshelfCollectionViewCell.swift */ = {isa = PBXFileReference; lastKnownFileType = sourcecode.swift; path = BookshelfCollectionViewCell.swift; sourceTree = "<group>"; };
		5BC7B74B221C32AE009EF0D9 /* Main.storyboard */ = {isa = PBXFileReference; fileEncoding = 4; lastKnownFileType = file.storyboard; path = Main.storyboard; sourceTree = "<group>"; };
		5BC7B751221C33AF009EF0D9 /* Assets.xcassets */ = {isa = PBXFileReference; lastKnownFileType = folder.assetcatalog; path = Assets.xcassets; sourceTree = "<group>"; };
		5BD398C9221427770066FF61 /* object.swift */ = {isa = PBXFileReference; lastKnownFileType = sourcecode.swift; path = object.swift; sourceTree = "<group>"; };
		5BDFA82B21FEB60F00258E88 /* Constants.swift */ = {isa = PBXFileReference; lastKnownFileType = sourcecode.swift; path = Constants.swift; sourceTree = "<group>"; };
		5BDFA82D21FEB64500258E88 /* Extensions.swift */ = {isa = PBXFileReference; lastKnownFileType = sourcecode.swift; path = Extensions.swift; sourceTree = "<group>"; };
		5BDFA82F21FEB9CA00258E88 /* SignUpViewController.swift */ = {isa = PBXFileReference; lastKnownFileType = sourcecode.swift; path = SignUpViewController.swift; sourceTree = "<group>"; };
		5BF1B5542211258A005B3123 /* HomeCollectionViewCell.swift */ = {isa = PBXFileReference; lastKnownFileType = sourcecode.swift; path = HomeCollectionViewCell.swift; sourceTree = "<group>"; };
/* End PBXFileReference section */

/* Begin PBXFrameworksBuildPhase section */
		5B6D864B21FAF164003E525B /* Frameworks */ = {
			isa = PBXFrameworksBuildPhase;
			buildActionMask = 2147483647;
			files = (
				5B6F00DB221C1C6000A840F7 /* YouTubeiOSPlayerHelper.framework in Frameworks */,
				5B896914222D214600F4D7AE /* ImageViewer.framework in Frameworks */,
				5B6F00D7221C1C5F00A840F7 /* Alamofire.framework in Frameworks */,
				5B6F00D8221C1C5F00A840F7 /* SwiftGif.framework in Frameworks */,
				5B6F00D9221C1C5F00A840F7 /* SwiftyJSON.framework in Frameworks */,
				1DAB3AE12232450F006B583E /* Kingfisher.framework in Frameworks */,
			);
			runOnlyForDeploymentPostprocessing = 0;
		};
/* End PBXFrameworksBuildPhase section */

/* Begin PBXGroup section */
		5B04525122252504002AF8B0 /* Service */ = {
			isa = PBXGroup;
			children = (
				5B04525222252541002AF8B0 /* apiService.swift */,
			);
			name = Service;
			path = "New Group";
			sourceTree = "<group>";
		};
		5B04525622252651002AF8B0 /* Global */ = {
			isa = PBXGroup;
			children = (
				5B0452572225266F002AF8B0 /* ConstansBook.swift */,
			);
			name = Global;
			path = "New Group";
			sourceTree = "<group>";
		};
		5B6D864521FAF164003E525B = {
			isa = PBXGroup;
			children = (
				5B6D865021FAF164003E525B /* PLTi2019 */,
				5B6D864F21FAF164003E525B /* Products */,
				5B7AD01C221AC97B00374658 /* Frameworks */,
			);
			sourceTree = "<group>";
		};
		5B6D864F21FAF164003E525B /* Products */ = {
			isa = PBXGroup;
			children = (
				5B6D864E21FAF164003E525B /* PLTi2019.app */,
			);
			name = Products;
			sourceTree = "<group>";
		};
		5B6D865021FAF164003E525B /* PLTi2019 */ = {
			isa = PBXGroup;
			children = (
				5B04525622252651002AF8B0 /* Global */,
				5B04525122252504002AF8B0 /* Service */,
				5BDFA82A21FEB5CC00258E88 /* Utils */,
				5B6D866321FAF237003E525B /* ViewControllers */,
				5BC7B74B221C32AE009EF0D9 /* Main.storyboard */,
				5B6D865121FAF164003E525B /* AppDelegate.swift */,
				5B6D865A21FAF168003E525B /* LaunchScreen.storyboard */,
				5BC7B751221C33AF009EF0D9 /* Assets.xcassets */,
				5B04525F22252AC3002AF8B0 /* Info.plist */,
			);
			path = PLTi2019;
			sourceTree = "<group>";
		};
		5B6D866321FAF237003E525B /* ViewControllers */ = {
			isa = PBXGroup;
			children = (
				5B6F00D5221C1BA000A840F7 /* VisitViewController.swift */,
				5B7AD018221ABA0B00374658 /* Printer3dTutorialViewController.swift */,
				5B6D866421FAF258003E525B /* LoginViewController.swift */,
				5BDFA82F21FEB9CA00258E88 /* SignUpViewController.swift */,
				5BF1B5542211258A005B3123 /* HomeCollectionViewCell.swift */,
				5B4EF484221282B80034B61A /* HomeViewController.swift */,
				5BAF4CF722158A8500D6CA36 /* BookshelfViewController.swift */,
				5BAF4CFB22158C2000D6CA36 /* BookshelfCollectionViewCell.swift */,
				5B7AD024221AD1C500374658 /* DetailTutorialViewController.swift */,
				5B60B95E22262F3F00DFB680 /* Collection3dViewCell.swift */,
				5B60B9622226318C00DFB680 /* Image3dPrinterViewController.swift */,
				5B896915222D31C600F4D7AE /* ResetPassViewController.swift */,
			);
			path = ViewControllers;
			sourceTree = "<group>";
		};
		5B7AD01C221AC97B00374658 /* Frameworks */ = {
			isa = PBXGroup;
			children = (
				1DAB3AE222325523006B583E /* YouTubePlayer.framework */,
				1DAB3AE02232450F006B583E /* Kingfisher.framework */,
				1DAB3ADE22324502006B583E /* Kingfisher.framework.dSYM */,
				5B896913222D214600F4D7AE /* ImageViewer.framework */,
				5B6F00DA221C1C6000A840F7 /* YouTubeiOSPlayerHelper.framework */,
				5B7AD01E221AC97B00374658 /* Alamofire.framework */,
				5B7AD01F221AC97B00374658 /* SwiftGif.framework */,
				5B7AD01D221AC97B00374658 /* SwiftyJSON.framework */,
			);
			name = Frameworks;
			sourceTree = "<group>";
		};
		5BDFA82A21FEB5CC00258E88 /* Utils */ = {
			isa = PBXGroup;
			children = (
				5BDFA82B21FEB60F00258E88 /* Constants.swift */,
				5BDFA82D21FEB64500258E88 /* Extensions.swift */,
				5BD398C9221427770066FF61 /* object.swift */,
				5B896911222D203200F4D7AE /* CounterView.swift */,
			);
			path = Utils;
			sourceTree = "<group>";
		};
/* End PBXGroup section */

/* Begin PBXNativeTarget section */
		5B6D864D21FAF164003E525B /* PLTi2019 */ = {
			isa = PBXNativeTarget;
			buildConfigurationList = 5B6D866021FAF168003E525B /* Build configuration list for PBXNativeTarget "PLTi2019" */;
			buildPhases = (
				5B6D864A21FAF164003E525B /* Sources */,
				5B6D864B21FAF164003E525B /* Frameworks */,
				5B6D864C21FAF164003E525B /* Resources */,
				5B7AD023221AC98900374658 /* ShellScript */,
			);
			buildRules = (
			);
			dependencies = (
			);
			name = PLTi2019;
			productName = PLTi2019;
			productReference = 5B6D864E21FAF164003E525B /* PLTi2019.app */;
			productType = "com.apple.product-type.application";
		};
/* End PBXNativeTarget section */

/* Begin PBXProject section */
		5B6D864621FAF164003E525B /* Project object */ = {
			isa = PBXProject;
			attributes = {
				LastSwiftUpdateCheck = 1010;
				LastUpgradeCheck = 1010;
				ORGANIZATIONNAME = "Quyen Anh";
				TargetAttributes = {
					5B6D864D21FAF164003E525B = {
						CreatedOnToolsVersion = 10.1;
					};
				};
			};
			buildConfigurationList = 5B6D864921FAF164003E525B /* Build configuration list for PBXProject "PLTi2019" */;
			compatibilityVersion = "Xcode 9.3";
			developmentRegion = en;
			hasScannedForEncodings = 0;
			knownRegions = (
				en,
				Base,
			);
			mainGroup = 5B6D864521FAF164003E525B;
			productRefGroup = 5B6D864F21FAF164003E525B /* Products */;
			projectDirPath = "";
			projectRoot = "";
			targets = (
				5B6D864D21FAF164003E525B /* PLTi2019 */,
			);
		};
/* End PBXProject section */

/* Begin PBXResourcesBuildPhase section */
		5B6D864C21FAF164003E525B /* Resources */ = {
			isa = PBXResourcesBuildPhase;
			buildActionMask = 2147483647;
			files = (
				5B6D865C21FAF168003E525B /* LaunchScreen.storyboard in Resources */,
				5BC7B752221C33AF009EF0D9 /* Assets.xcassets in Resources */,
				5BC7B74C221C32AF009EF0D9 /* Main.storyboard in Resources */,
			);
			runOnlyForDeploymentPostprocessing = 0;
		};
/* End PBXResourcesBuildPhase section */

/* Begin PBXShellScriptBuildPhase section */
		5B7AD023221AC98900374658 /* ShellScript */ = {
			isa = PBXShellScriptBuildPhase;
			buildActionMask = 2147483647;
			files = (
			);
			inputFileListPaths = (
			);
			inputPaths = (
				"$(SRCROOT)/Carthage/Build/iOS/Alamofire.framework",
				"$(SRCROOT)/Carthage/Build/iOS/SwiftGif.framework",
				"$(SRCROOT)/Carthage/Build/iOS/SwiftyJSON.framework",
				"$(SRCROOT)/Carthage/Build/iOS/YouTubeiOSPlayerHelper.framework",
				"$(SRCROOT)/Carthage/Build/iOS/ImageViewer.framework",
				"$(SRCROOT)/Carthage/Build/iOS/Kingfisher.framework",
			);
			outputFileListPaths = (
			);
			outputPaths = (
			);
			runOnlyForDeploymentPostprocessing = 0;
			shellPath = /bin/sh;
			shellScript = "# Type a script or drag a script file from your workspace to insert its path.\n/usr/local/bin/carthage copy-frameworks\n";
		};
/* End PBXShellScriptBuildPhase section */

/* Begin PBXSourcesBuildPhase section */
		5B6D864A21FAF164003E525B /* Sources */ = {
			isa = PBXSourcesBuildPhase;
			buildActionMask = 2147483647;
			files = (
				5BDFA83021FEB9CB00258E88 /* SignUpViewController.swift in Sources */,
				06BFAE46221E53CB004DE54D /* (null) in Sources */,
				5BDFA82E21FEB64500258E88 /* Extensions.swift in Sources */,
				5B60B95F22262F3F00DFB680 /* Collection3dViewCell.swift in Sources */,
				5B0452582225266F002AF8B0 /* ConstansBook.swift in Sources */,
				5B7AD019221ABA0B00374658 /* Printer3dTutorialViewController.swift in Sources */,
				5B60B9632226318C00DFB680 /* Image3dPrinterViewController.swift in Sources */,
				5B896916222D31C600F4D7AE /* ResetPassViewController.swift in Sources */,
				5B6D866521FAF258003E525B /* LoginViewController.swift in Sources */,
				5B6D865221FAF164003E525B /* AppDelegate.swift in Sources */,
				5B04525322252541002AF8B0 /* apiService.swift in Sources */,
				5BD398CA221427770066FF61 /* object.swift in Sources */,
				5B4EF485221282B80034B61A /* HomeViewController.swift in Sources */,
				5BAF4CF822158A8500D6CA36 /* BookshelfViewController.swift in Sources */,
				5B6F00D6221C1BA000A840F7 /* VisitViewController.swift in Sources */,
				5BAF4CFC22158C2000D6CA36 /* BookshelfCollectionViewCell.swift in Sources */,
				5B7AD025221AD1C500374658 /* DetailTutorialViewController.swift in Sources */,
				06BFAE44221E5368004DE54D /* (null) in Sources */,
				5B896912222D203200F4D7AE /* CounterView.swift in Sources */,
				5BDFA82C21FEB60F00258E88 /* Constants.swift in Sources */,
				5BF1B5552211258A005B3123 /* HomeCollectionViewCell.swift in Sources */,
			);
			runOnlyForDeploymentPostprocessing = 0;
		};
/* End PBXSourcesBuildPhase section */

/* Begin PBXVariantGroup section */
		5B6D865A21FAF168003E525B /* LaunchScreen.storyboard */ = {
			isa = PBXVariantGroup;
			children = (
				5B6D865B21FAF168003E525B /* Base */,
			);
			name = LaunchScreen.storyboard;
			sourceTree = "<group>";
		};
/* End PBXVariantGroup section */

/* Begin XCBuildConfiguration section */
		5B6D865E21FAF168003E525B /* Debug */ = {
			isa = XCBuildConfiguration;
			buildSettings = {
				ALWAYS_SEARCH_USER_PATHS = NO;
				CLANG_ANALYZER_NONNULL = YES;
				CLANG_ANALYZER_NUMBER_OBJECT_CONVERSION = YES_AGGRESSIVE;
				CLANG_CXX_LANGUAGE_STANDARD = "gnu++14";
				CLANG_CXX_LIBRARY = "libc++";
				CLANG_ENABLE_MODULES = YES;
				CLANG_ENABLE_OBJC_ARC = YES;
				CLANG_ENABLE_OBJC_WEAK = YES;
				CLANG_WARN_BLOCK_CAPTURE_AUTORELEASING = YES;
				CLANG_WARN_BOOL_CONVERSION = YES;
				CLANG_WARN_COMMA = YES;
				CLANG_WARN_CONSTANT_CONVERSION = YES;
				CLANG_WARN_DEPRECATED_OBJC_IMPLEMENTATIONS = YES;
				CLANG_WARN_DIRECT_OBJC_ISA_USAGE = YES_ERROR;
				CLANG_WARN_DOCUMENTATION_COMMENTS = YES;
				CLANG_WARN_EMPTY_BODY = YES;
				CLANG_WARN_ENUM_CONVERSION = YES;
				CLANG_WARN_INFINITE_RECURSION = YES;
				CLANG_WARN_INT_CONVERSION = YES;
				CLANG_WARN_NON_LITERAL_NULL_CONVERSION = YES;
				CLANG_WARN_OBJC_IMPLICIT_RETAIN_SELF = YES;
				CLANG_WARN_OBJC_LITERAL_CONVERSION = YES;
				CLANG_WARN_OBJC_ROOT_CLASS = YES_ERROR;
				CLANG_WARN_RANGE_LOOP_ANALYSIS = YES;
				CLANG_WARN_STRICT_PROTOTYPES = YES;
				CLANG_WARN_SUSPICIOUS_MOVE = YES;
				CLANG_WARN_UNGUARDED_AVAILABILITY = YES_AGGRESSIVE;
				CLANG_WARN_UNREACHABLE_CODE = YES;
				CLANG_WARN__DUPLICATE_METHOD_MATCH = YES;
				CODE_SIGN_IDENTITY = "iPhone Developer";
				COPY_PHASE_STRIP = NO;
				DEBUG_INFORMATION_FORMAT = dwarf;
				ENABLE_STRICT_OBJC_MSGSEND = YES;
				ENABLE_TESTABILITY = YES;
				GCC_C_LANGUAGE_STANDARD = gnu11;
				GCC_DYNAMIC_NO_PIC = NO;
				GCC_NO_COMMON_BLOCKS = YES;
				GCC_OPTIMIZATION_LEVEL = 0;
				GCC_PREPROCESSOR_DEFINITIONS = (
					"DEBUG=1",
					"$(inherited)",
				);
				GCC_WARN_64_TO_32_BIT_CONVERSION = YES;
				GCC_WARN_ABOUT_RETURN_TYPE = YES_ERROR;
				GCC_WARN_UNDECLARED_SELECTOR = YES;
				GCC_WARN_UNINITIALIZED_AUTOS = YES_AGGRESSIVE;
				GCC_WARN_UNUSED_FUNCTION = YES;
				GCC_WARN_UNUSED_VARIABLE = YES;
				IPHONEOS_DEPLOYMENT_TARGET = 12.1;
				MTL_ENABLE_DEBUG_INFO = INCLUDE_SOURCE;
				MTL_FAST_MATH = YES;
				ONLY_ACTIVE_ARCH = YES;
				SDKROOT = iphoneos;
				SWIFT_ACTIVE_COMPILATION_CONDITIONS = DEBUG;
				SWIFT_OPTIMIZATION_LEVEL = "-Onone";
			};
			name = Debug;
		};
		5B6D865F21FAF168003E525B /* Release */ = {
			isa = XCBuildConfiguration;
			buildSettings = {
				ALWAYS_SEARCH_USER_PATHS = NO;
				CLANG_ANALYZER_NONNULL = YES;
				CLANG_ANALYZER_NUMBER_OBJECT_CONVERSION = YES_AGGRESSIVE;
				CLANG_CXX_LANGUAGE_STANDARD = "gnu++14";
				CLANG_CXX_LIBRARY = "libc++";
				CLANG_ENABLE_MODULES = YES;
				CLANG_ENABLE_OBJC_ARC = YES;
				CLANG_ENABLE_OBJC_WEAK = YES;
				CLANG_WARN_BLOCK_CAPTURE_AUTORELEASING = YES;
				CLANG_WARN_BOOL_CONVERSION = YES;
				CLANG_WARN_COMMA = YES;
				CLANG_WARN_CONSTANT_CONVERSION = YES;
				CLANG_WARN_DEPRECATED_OBJC_IMPLEMENTATIONS = YES;
				CLANG_WARN_DIRECT_OBJC_ISA_USAGE = YES_ERROR;
				CLANG_WARN_DOCUMENTATION_COMMENTS = YES;
				CLANG_WARN_EMPTY_BODY = YES;
				CLANG_WARN_ENUM_CONVERSION = YES;
				CLANG_WARN_INFINITE_RECURSION = YES;
				CLANG_WARN_INT_CONVERSION = YES;
				CLANG_WARN_NON_LITERAL_NULL_CONVERSION = YES;
				CLANG_WARN_OBJC_IMPLICIT_RETAIN_SELF = YES;
				CLANG_WARN_OBJC_LITERAL_CONVERSION = YES;
				CLANG_WARN_OBJC_ROOT_CLASS = YES_ERROR;
				CLANG_WARN_RANGE_LOOP_ANALYSIS = YES;
				CLANG_WARN_STRICT_PROTOTYPES = YES;
				CLANG_WARN_SUSPICIOUS_MOVE = YES;
				CLANG_WARN_UNGUARDED_AVAILABILITY = YES_AGGRESSIVE;
				CLANG_WARN_UNREACHABLE_CODE = YES;
				CLANG_WARN__DUPLICATE_METHOD_MATCH = YES;
				CODE_SIGN_IDENTITY = "iPhone Developer";
				COPY_PHASE_STRIP = NO;
				DEBUG_INFORMATION_FORMAT = "dwarf-with-dsym";
				ENABLE_NS_ASSERTIONS = NO;
				ENABLE_STRICT_OBJC_MSGSEND = YES;
				GCC_C_LANGUAGE_STANDARD = gnu11;
				GCC_NO_COMMON_BLOCKS = YES;
				GCC_WARN_64_TO_32_BIT_CONVERSION = YES;
				GCC_WARN_ABOUT_RETURN_TYPE = YES_ERROR;
				GCC_WARN_UNDECLARED_SELECTOR = YES;
				GCC_WARN_UNINITIALIZED_AUTOS = YES_AGGRESSIVE;
				GCC_WARN_UNUSED_FUNCTION = YES;
				GCC_WARN_UNUSED_VARIABLE = YES;
				IPHONEOS_DEPLOYMENT_TARGET = 12.1;
				MTL_ENABLE_DEBUG_INFO = NO;
				MTL_FAST_MATH = YES;
				SDKROOT = iphoneos;
				SWIFT_COMPILATION_MODE = wholemodule;
				SWIFT_OPTIMIZATION_LEVEL = "-O";
				VALIDATE_PRODUCT = YES;
			};
			name = Release;
		};
		5B6D866121FAF168003E525B /* Debug */ = {
			isa = XCBuildConfiguration;
			buildSettings = {
				ASSETCATALOG_COMPILER_APPICON_NAME = AppIcon;
				CODE_SIGN_IDENTITY = "iPhone Developer";
				CODE_SIGN_STYLE = Automatic;
				DEVELOPMENT_TEAM = XSSZM775S9;
				FRAMEWORK_SEARCH_PATHS = (
					"$(inherited)",
					"$(PROJECT_DIR)/Carthage/Build/iOS",
				);
				INFOPLIST_FILE = PLTi2019/Info.plist;
				IPHONEOS_DEPLOYMENT_TARGET = 12.0;
				LD_RUNPATH_SEARCH_PATHS = (
					"$(inherited)",
					"@executable_path/Frameworks",
				);
				PRODUCT_BUNDLE_IDENTIFIER = "Quyen-Anh.PLTi2019";
				PRODUCT_NAME = "$(TARGET_NAME)";
				PROVISIONING_PROFILE_SPECIFIER = "";
				SWIFT_VERSION = 4.2;
				TARGETED_DEVICE_FAMILY = 1;
			};
			name = Debug;
		};
		5B6D866221FAF168003E525B /* Release */ = {
			isa = XCBuildConfiguration;
			buildSettings = {
				ASSETCATALOG_COMPILER_APPICON_NAME = AppIcon;
				CODE_SIGN_IDENTITY = "iPhone Developer";
				CODE_SIGN_STYLE = Automatic;
				DEVELOPMENT_TEAM = XSSZM775S9;
				FRAMEWORK_SEARCH_PATHS = (
					"$(inherited)",
					"$(PROJECT_DIR)/Carthage/Build/iOS",
				);
				INFOPLIST_FILE = PLTi2019/Info.plist;
				IPHONEOS_DEPLOYMENT_TARGET = 12.0;
				LD_RUNPATH_SEARCH_PATHS = (
					"$(inherited)",
					"@executable_path/Frameworks",
				);
				PRODUCT_BUNDLE_IDENTIFIER = "Quyen-Anh.PLTi2019";
				PRODUCT_NAME = "$(TARGET_NAME)";
				PROVISIONING_PROFILE_SPECIFIER = "";
				SWIFT_VERSION = 4.2;
				TARGETED_DEVICE_FAMILY = 1;
			};
			name = Release;
		};
/* End XCBuildConfiguration section */

/* Begin XCConfigurationList section */
		5B6D864921FAF164003E525B /* Build configuration list for PBXProject "PLTi2019" */ = {
			isa = XCConfigurationList;
			buildConfigurations = (
				5B6D865E21FAF168003E525B /* Debug */,
				5B6D865F21FAF168003E525B /* Release */,
			);
			defaultConfigurationIsVisible = 0;
			defaultConfigurationName = Release;
		};
		5B6D866021FAF168003E525B /* Build configuration list for PBXNativeTarget "PLTi2019" */ = {
			isa = XCConfigurationList;
			buildConfigurations = (
				5B6D866121FAF168003E525B /* Debug */,
				5B6D866221FAF168003E525B /* Release */,
			);
			defaultConfigurationIsVisible = 0;
			defaultConfigurationName = Release;
		};
/* End XCConfigurationList section */
	};
	rootObject = 5B6D864621FAF164003E525B /* Project object */;
}
